// !$*UTF8*$!
{
	archiveVersion = 1;
	classes = {
	};
	objectVersion = 46;
	objects = {

/* Begin PBXBuildFile section */
		7B100FA41B9C5D560062E8DB /* main.m in Sources */ = {isa = PBXBuildFile; fileRef = 7B100FA31B9C5D560062E8DB /* main.m */; };
		7B100FA71B9C5D560062E8DB /* AppDelegate.m in Sources */ = {isa = PBXBuildFile; fileRef = 7B100FA61B9C5D560062E8DB /* AppDelegate.m */; };
		7B100FAA1B9C5D560062E8DB /* FirstViewController.m in Sources */ = {isa = PBXBuildFile; fileRef = 7B100FA91B9C5D560062E8DB /* FirstViewController.m */; };
		7B100FAD1B9C5D560062E8DB /* SecondViewController.m in Sources */ = {isa = PBXBuildFile; fileRef = 7B100FAC1B9C5D560062E8DB /* SecondViewController.m */; };
		7B100FB01B9C5D560062E8DB /* Main.storyboard in Resources */ = {isa = PBXBuildFile; fileRef = 7B100FAE1B9C5D560062E8DB /* Main.storyboard */; };
		7B100FB21B9C5D560062E8DB /* Images.xcassets in Resources */ = {isa = PBXBuildFile; fileRef = 7B100FB11B9C5D560062E8DB /* Images.xcassets */; };
		7B100FB51B9C5D560062E8DB /* LaunchScreen.xib in Resources */ = {isa = PBXBuildFile; fileRef = 7B100FB31B9C5D560062E8DB /* LaunchScreen.xib */; };
		7B100FC11B9C5D560062E8DB /* SeparateStoryboardSampleTests.m in Sources */ = {isa = PBXBuildFile; fileRef = 7B100FC01B9C5D560062E8DB /* SeparateStoryboardSampleTests.m */; };
		7B100FCC1B9C5DAF0062E8DB /* MainTabBarController.m in Sources */ = {isa = PBXBuildFile; fileRef = 7B100FCB1B9C5DAF0062E8DB /* MainTabBarController.m */; };
		7B100FCE1B9C5DC60062E8DB /* First.storyboard in Resources */ = {isa = PBXBuildFile; fileRef = 7B100FCD1B9C5DC60062E8DB /* First.storyboard */; };
		7B100FD01B9C5DCD0062E8DB /* Second.storyboard in Resources */ = {isa = PBXBuildFile; fileRef = 7B100FCF1B9C5DCD0062E8DB /* Second.storyboard */; };
/* End PBXBuildFile section */

/* Begin PBXContainerItemProxy section */
		7B100FBB1B9C5D560062E8DB /* PBXContainerItemProxy */ = {
			isa = PBXContainerItemProxy;
			containerPortal = 7B100F961B9C5D560062E8DB /* Project object */;
			proxyType = 1;
			remoteGlobalIDString = 7B100F9D1B9C5D560062E8DB;
			remoteInfo = SeparateStoryboardSample;
		};
/* End PBXContainerItemProxy section */

/* Begin PBXFileReference section */
		7B100F9E1B9C5D560062E8DB /* SeparateStoryboardSample.app */ = {isa = PBXFileReference; explicitFileType = wrapper.application; includeInIndex = 0; path = SeparateStoryboardSample.app; sourceTree = BUILT_PRODUCTS_DIR; };
		7B100FA21B9C5D560062E8DB /* Info.plist */ = {isa = PBXFileReference; lastKnownFileType = text.plist.xml; path = Info.plist; sourceTree = "<group>"; };
		7B100FA31B9C5D560062E8DB /* main.m */ = {isa = PBXFileReference; lastKnownFileType = sourcecode.c.objc; path = main.m; sourceTree = "<group>"; };
		7B100FA51B9C5D560062E8DB /* AppDelegate.h */ = {isa = PBXFileReference; lastKnownFileType = sourcecode.c.h; path = AppDelegate.h; sourceTree = "<group>"; };
		7B100FA61B9C5D560062E8DB /* AppDelegate.m */ = {isa = PBXFileReference; lastKnownFileType = sourcecode.c.objc; path = AppDelegate.m; sourceTree = "<group>"; };
		7B100FA81B9C5D560062E8DB /* FirstViewController.h */ = {isa = PBXFileReference; lastKnownFileType = sourcecode.c.h; path = FirstViewController.h; sourceTree = "<group>"; };
		7B100FA91B9C5D560062E8DB /* FirstViewController.m */ = {isa = PBXFileReference; lastKnownFileType = sourcecode.c.objc; path = FirstViewController.m; sourceTree = "<group>"; };
		7B100FAB1B9C5D560062E8DB /* SecondViewController.h */ = {isa = PBXFileReference; lastKnownFileType = sourcecode.c.h; path = SecondViewController.h; sourceTree = "<group>"; };
		7B100FAC1B9C5D560062E8DB /* SecondViewController.m */ = {isa = PBXFileReference; lastKnownFileType = sourcecode.c.objc; path = SecondViewController.m; sourceTree = "<group>"; };
		7B100FAF1B9C5D560062E8DB /* Base */ = {isa = PBXFileReference; lastKnownFileType = file.storyboard; name = Base; path = Base.lproj/Main.storyboard; sourceTree = "<group>"; };
		7B100FB11B9C5D560062E8DB /* Images.xcassets */ = {isa = PBXFileReference; lastKnownFileType = folder.assetcatalog; path = Images.xcassets; sourceTree = "<group>"; };
		7B100FB41B9C5D560062E8DB /* Base */ = {isa = PBXFileReference; lastKnownFileType = file.xib; name = Base; path = Base.lproj/LaunchScreen.xib; sourceTree = "<group>"; };
		7B100FBA1B9C5D560062E8DB /* SeparateStoryboardSampleTests.xctest */ = {isa = PBXFileReference; explicitFileType = wrapper.cfbundle; includeInIndex = 0; path = SeparateStoryboardSampleTests.xctest; sourceTree = BUILT_PRODUCTS_DIR; };
		7B100FBF1B9C5D560062E8DB /* Info.plist */ = {isa = PBXFileReference; lastKnownFileType = text.plist.xml; path = Info.plist; sourceTree = "<group>"; };
		7B100FC01B9C5D560062E8DB /* SeparateStoryboardSampleTests.m */ = {isa = PBXFileReference; lastKnownFileType = sourcecode.c.objc; path = SeparateStoryboardSampleTests.m; sourceTree = "<group>"; };
		7B100FCA1B9C5DAF0062E8DB /* MainTabBarController.h */ = {isa = PBXFileReference; fileEncoding = 4; lastKnownFileType = sourcecode.c.h; path = MainTabBarController.h; sourceTree = "<group>"; };
		7B100FCB1B9C5DAF0062E8DB /* MainTabBarController.m */ = {isa = PBXFileReference; fileEncoding = 4; lastKnownFileType = sourcecode.c.objc; path = MainTabBarController.m; sourceTree = "<group>"; };
		7B100FCD1B9C5DC60062E8DB /* First.storyboard */ = {isa = PBXFileReference; fileEncoding = 4; lastKnownFileType = file.storyboard; path = First.storyboard; sourceTree = "<group>"; };
		7B100FCF1B9C5DCD0062E8DB /* Second.storyboard */ = {isa = PBXFileReference; fileEncoding = 4; lastKnownFileType = file.storyboard; path = Second.storyboard; sourceTree = "<group>"; };
/* End PBXFileReference section */

/* Begin PBXFrameworksBuildPhase section */
		7B100F9B1B9C5D560062E8DB /* Frameworks */ = {
			isa = PBXFrameworksBuildPhase;
			buildActionMask = 2147483647;
			files = (
			);
			runOnlyForDeploymentPostprocessing = 0;
		};
		7B100FB71B9C5D560062E8DB /* Frameworks */ = {
			isa = PBXFrameworksBuildPhase;
			buildActionMask = 2147483647;
			files = (
			);
			runOnlyForDeploymentPostprocessing = 0;
		};
/* End PBXFrameworksBuildPhase section */

/* Begin PBXGroup section */
		7B100F951B9C5D560062E8DB = {
			isa = PBXGroup;
			children = (
				7B100FA01B9C5D560062E8DB /* SeparateStoryboardSample */,
				7B100FBD1B9C5D560062E8DB /* SeparateStoryboardSampleTests */,
				7B100F9F1B9C5D560062E8DB /* Products */,
			);
			sourceTree = "<group>";
		};
		7B100F9F1B9C5D560062E8DB /* Products */ = {
			isa = PBXGroup;
			children = (
				7B100F9E1B9C5D560062E8DB /* SeparateStoryboardSample.app */,
				7B100FBA1B9C5D560062E8DB /* SeparateStoryboardSampleTests.xctest */,
			);
			name = Products;
			sourceTree = "<group>";
		};
		7B100FA01B9C5D560062E8DB /* SeparateStoryboardSample */ = {
			isa = PBXGroup;
			children = (
				7B100FA51B9C5D560062E8DB /* AppDelegate.h */,
				7B100FA61B9C5D560062E8DB /* AppDelegate.m */,
				7B100FA81B9C5D560062E8DB /* FirstViewController.h */,
				7B100FA91B9C5D560062E8DB /* FirstViewController.m */,
				7B100FAB1B9C5D560062E8DB /* SecondViewController.h */,
				7B100FAC1B9C5D560062E8DB /* SecondViewController.m */,
				7B100FCA1B9C5DAF0062E8DB /* MainTabBarController.h */,
				7B100FCB1B9C5DAF0062E8DB /* MainTabBarController.m */,
				7B100FAE1B9C5D560062E8DB /* Main.storyboard */,
				7B100FCD1B9C5DC60062E8DB /* First.storyboard */,
				7B100FCF1B9C5DCD0062E8DB /* Second.storyboard */,
				7B100FB11B9C5D560062E8DB /* Images.xcassets */,
				7B100FB31B9C5D560062E8DB /* LaunchScreen.xib */,
				7B100FA11B9C5D560062E8DB /* Supporting Files */,
			);
			path = SeparateStoryboardSample;
			sourceTree = "<group>";
		};
		7B100FA11B9C5D560062E8DB /* Supporting Files */ = {
			isa = PBXGroup;
			children = (
				7B100FA21B9C5D560062E8DB /* Info.plist */,
				7B100FA31B9C5D560062E8DB /* main.m */,
			);
			name = "Supporting Files";
			sourceTree = "<group>";
		};
		7B100FBD1B9C5D560062E8DB /* SeparateStoryboardSampleTests */ = {
			isa = PBXGroup;
			children = (
				7B100FC01B9C5D560062E8DB /* SeparateStoryboardSampleTests.m */,
				7B100FBE1B9C5D560062E8DB /* Supporting Files */,
			);
			path = SeparateStoryboardSampleTests;
			sourceTree = "<group>";
		};
		7B100FBE1B9C5D560062E8DB /* Supporting Files */ = {
			isa = PBXGroup;
			children = (
				7B100FBF1B9C5D560062E8DB /* Info.plist */,
			);
			name = "Supporting Files";
			sourceTree = "<group>";
		};
/* End PBXGroup section */

/* Begin PBXNativeTarget section */
		7B100F9D1B9C5D560062E8DB /* SeparateStoryboardSample */ = {
			isa = PBXNativeTarget;
			buildConfigurationList = 7B100FC41B9C5D560062E8DB /* Build configuration list for PBXNativeTarget "SeparateStoryboardSample" */;
			buildPhases = (
				7B100F9A1B9C5D560062E8DB /* Sources */,
				7B100F9B1B9C5D560062E8DB /* Frameworks */,
				7B100F9C1B9C5D560062E8DB /* Resources */,
			);
			buildRules = (
			);
			dependencies = (
			);
			name = SeparateStoryboardSample;
			productName = SeparateStoryboardSample;
			productReference = 7B100F9E1B9C5D560062E8DB /* SeparateStoryboardSample.app */;
			productType = "com.apple.product-type.application";
		};
		7B100FB91B9C5D560062E8DB /* SeparateStoryboardSampleTests */ = {
			isa = PBXNativeTarget;
			buildConfigurationList = 7B100FC71B9C5D560062E8DB /* Build configuration list for PBXNativeTarget "SeparateStoryboardSampleTests" */;
			buildPhases = (
				7B100FB61B9C5D560062E8DB /* Sources */,
				7B100FB71B9C5D560062E8DB /* Frameworks */,
				7B100FB81B9C5D560062E8DB /* Resources */,
			);
			buildRules = (
			);
			dependencies = (
				7B100FBC1B9C5D560062E8DB /* PBXTargetDependency */,
			);
			name = SeparateStoryboardSampleTests;
			productName = SeparateStoryboardSampleTests;
			productReference = 7B100FBA1B9C5D560062E8DB /* SeparateStoryboardSampleTests.xctest */;
			productType = "com.apple.product-type.bundle.unit-test";
		};
/* End PBXNativeTarget section */

/* Begin PBXProject section */
		7B100F961B9C5D560062E8DB /* Project object */ = {
			isa = PBXProject;
			attributes = {
				LastUpgradeCheck = 0640;
				ORGANIZATIONNAME = "Yudai Yokoyama";
				TargetAttributes = {
					7B100F9D1B9C5D560062E8DB = {
						CreatedOnToolsVersion = 6.4;
					};
					7B100FB91B9C5D560062E8DB = {
						CreatedOnToolsVersion = 6.4;
						TestTargetID = 7B100F9D1B9C5D560062E8DB;
					};
				};
			};
			buildConfigurationList = 7B100F991B9C5D560062E8DB /* Build configuration list for PBXProject "SeparateStoryboardSample" */;
			compatibilityVersion = "Xcode 3.2";
			developmentRegion = English;
			hasScannedForEncodings = 0;
			knownRegions = (
				en,
				Base,
			);
			mainGroup = 7B100F951B9C5D560062E8DB;
			productRefGroup = 7B100F9F1B9C5D560062E8DB /* Products */;
			projectDirPath = "";
			projectRoot = "";
			targets = (
				7B100F9D1B9C5D560062E8DB /* SeparateStoryboardSample */,
				7B100FB91B9C5D560062E8DB /* SeparateStoryboardSampleTests */,
			);
		};
/* End PBXProject section */

/* Begin PBXResourcesBuildPhase section */
		7B100F9C1B9C5D560062E8DB /* Resources */ = {
			isa = PBXResourcesBuildPhase;
			buildActionMask = 2147483647;
			files = (
				7B100FB01B9C5D560062E8DB /* Main.storyboard in Resources */,
				7B100FB51B9C5D560062E8DB /* LaunchScreen.xib in Resources */,
				7B100FB21B9C5D560062E8DB /* Images.xcassets in Resources */,
				7B100FD01B9C5DCD0062E8DB /* Second.storyboard in Resources */,
				7B100FCE1B9C5DC60062E8DB /* First.storyboard in Resources */,
			);
			runOnlyForDeploymentPostprocessing = 0;
		};
		7B100FB81B9C5D560062E8DB /* Resources */ = {
			isa = PBXResourcesBuildPhase;
			buildActionMask = 2147483647;
			files = (
			);
			runOnlyForDeploymentPostprocessing = 0;
		};
/* End PBXResourcesBuildPhase section */

/* Begin PBXSourcesBuildPhase section */
		7B100F9A1B9C5D560062E8DB /* Sources */ = {
			isa = PBXSourcesBuildPhase;
			buildActionMask = 2147483647;
			files = (
				7B100FAD1B9C5D560062E8DB /* SecondViewController.m in Sources */,
				7B100FCC1B9C5DAF0062E8DB /* MainTabBarController.m in Sources */,
				7B100FA71B9C5D560062E8DB /* AppDelegate.m in Sources */,
				7B100FAA1B9C5D560062E8DB /* FirstViewController.m in Sources */,
				7B100FA41B9C5D560062E8DB /* main.m in Sources */,
			);
			runOnlyForDeploymentPostprocessing = 0;
		};
		7B100FB61B9C5D560062E8DB /* Sources */ = {
			isa = PBXSourcesBuildPhase;
			buildActionMask = 2147483647;
			files = (
				7B100FC11B9C5D560062E8DB /* SeparateStoryboardSampleTests.m in Sources */,
			);
			runOnlyForDeploymentPostprocessing = 0;
		};
/* End PBXSourcesBuildPhase section */

/* Begin PBXTargetDependency section */
		7B100FBC1B9C5D560062E8DB /* PBXTargetDependency */ = {
			isa = PBXTargetDependency;
			target = 7B100F9D1B9C5D560062E8DB /* SeparateStoryboardSample */;
			targetProxy = 7B100FBB1B9C5D560062E8DB /* PBXContainerItemProxy */;
		};
/* End PBXTargetDependency section */

/* Begin PBXVariantGroup section */
		7B100FAE1B9C5D560062E8DB /* Main.storyboard */ = {
			isa = PBXVariantGroup;
			children = (
				7B100FAF1B9C5D560062E8DB /* Base */,
			);
			name = Main.storyboard;
			sourceTree = "<group>";
		};
		7B100FB31B9C5D560062E8DB /* LaunchScreen.xib */ = {
			isa = PBXVariantGroup;
			children = (
				7B100FB41B9C5D560062E8DB /* Base */,
			);
			name = LaunchScreen.xib;
			sourceTree = "<group>";
		};
/* End PBXVariantGroup section */

/* Begin XCBuildConfiguration section */
		7B100FC21B9C5D560062E8DB /* Debug */ = {
			isa = XCBuildConfiguration;
			buildSettings = {
				ALWAYS_SEARCH_USER_PATHS = NO;
				CLANG_CXX_LANGUAGE_STANDARD = "gnu++0x";
				CLANG_CXX_LIBRARY = "libc++";
				CLANG_ENABLE_MODULES = YES;
				CLANG_ENABLE_OBJC_ARC = YES;
				CLANG_WARN_BOOL_CONVERSION = YES;
				CLANG_WARN_CONSTANT_CONVERSION = YES;
				CLANG_WARN_DIRECT_OBJC_ISA_USAGE = YES_ERROR;
				CLANG_WARN_EMPTY_BODY = YES;
				CLANG_WARN_ENUM_CONVERSION = YES;
				CLANG_WARN_INT_CONVERSION = YES;
				CLANG_WARN_OBJC_ROOT_CLASS = YES_ERROR;
				CLANG_WARN_UNREACHABLE_CODE = YES;
				CLANG_WARN__DUPLICATE_METHOD_MATCH = YES;
				"CODE_SIGN_IDENTITY[sdk=iphoneos*]" = "iPhone Developer";
				COPY_PHASE_STRIP = NO;
				DEBUG_INFORMATION_FORMAT = "dwarf-with-dsym";
				ENABLE_STRICT_OBJC_MSGSEND = YES;
				GCC_C_LANGUAGE_STANDARD = gnu99;
				GCC_DYNAMIC_NO_PIC = NO;
				GCC_NO_COMMON_BLOCKS = YES;
				GCC_OPTIMIZATION_LEVEL = 0;
				GCC_PREPROCESSOR_DEFINITIONS = (
					"DEBUG=1",
					"$(inherited)",
				);
				GCC_SYMBOLS_PRIVATE_EXTERN = NO;
				GCC_WARN_64_TO_32_BIT_CONVERSION = YES;
				GCC_WARN_ABOUT_RETURN_TYPE = YES_ERROR;
				GCC_WARN_UNDECLARED_SELECTOR = YES;
				GCC_WARN_UNINITIALIZED_AUTOS = YES_AGGRESSIVE;
				GCC_WARN_UNUSED_FUNCTION = YES;
				GCC_WARN_UNUSED_VARIABLE = YES;
				IPHONEOS_DEPLOYMENT_TARGET = 8.4;
				MTL_ENABLE_DEBUG_INFO = YES;
				ONLY_ACTIVE_ARCH = YES;
				SDKROOT = iphoneos;
			};
			name = Debug;
		};
		7B100FC31B9C5D560062E8DB /* Release */ = {
			isa = XCBuildConfiguration;
			buildSettings = {
				ALWAYS_SEARCH_USER_PATHS = NO;
				CLANG_CXX_LANGUAGE_STANDARD = "gnu++0x";
				CLANG_CXX_LIBRARY = "libc++";
				CLANG_ENABLE_MODULES = YES;
				CLANG_ENABLE_OBJC_ARC = YES;
				CLANG_WARN_BOOL_CONVERSION = YES;
				CLANG_WARN_CONSTANT_CONVERSION = YES;
				CLANG_WARN_DIRECT_OBJC_ISA_USAGE = YES_ERROR;
				CLANG_WARN_EMPTY_BODY = YES;
				CLANG_WARN_ENUM_CONVERSION = YES;
				CLANG_WARN_INT_CONVERSION = YES;
				CLANG_WARN_OBJC_ROOT_CLASS = YES_ERROR;
				CLANG_WARN_UNREACHABLE_CODE = YES;
				CLANG_WARN__DUPLICATE_METHOD_MATCH = YES;
				"CODE_SIGN_IDENTITY[sdk=iphoneos*]" = "iPhone Developer";
				COPY_PHASE_STRIP = NO;
				DEBUG_INFORMATION_FORMAT = "dwarf-with-dsym";
				ENABLE_NS_ASSERTIONS = NO;
				ENABLE_STRICT_OBJC_MSGSEND = YES;
				GCC_C_LANGUAGE_STANDARD = gnu99;
				GCC_NO_COMMON_BLOCKS = YES;
				GCC_WARN_64_TO_32_BIT_CONVERSION = YES;
				GCC_WARN_ABOUT_RETURN_TYPE = YES_ERROR;
				GCC_WARN_UNDECLARED_SELECTOR = YES;
				GCC_WARN_UNINITIALIZED_AUTOS = YES_AGGRESSIVE;
				GCC_WARN_UNUSED_FUNCTION = YES;
				GCC_WARN_UNUSED_VARIABLE = YES;
				IPHONEOS_DEPLOYMENT_TARGET = 8.4;
				MTL_ENABLE_DEBUG_INFO = NO;
				SDKROOT = iphoneos;
				VALIDATE_PRODUCT = YES;
			};
			name = Release;
		};
		7B100FC51B9C5D560062E8DB /* Debug */ = {
			isa = XCBuildConfiguration;
			buildSettings = {
				ASSETCATALOG_COMPILER_APPICON_NAME = AppIcon;
				INFOPLIST_FILE = SeparateStoryboardSample/Info.plist;
				LD_RUNPATH_SEARCH_PATHS = "$(inherited) @executable_path/Frameworks";
				PRODUCT_NAME = "$(TARGET_NAME)";
			};
			name = Debug;
		};
		7B100FC61B9C5D560062E8DB /* Release */ = {
			isa = XCBuildConfiguration;
			buildSettings = {
				ASSETCATALOG_COMPILER_APPICON_NAME = AppIcon;
				INFOPLIST_FILE = SeparateStoryboardSample/Info.plist;
				LD_RUNPATH_SEARCH_PATHS = "$(inherited) @executable_path/Frameworks";
				PRODUCT_NAME = "$(TARGET_NAME)";
			};
			name = Release;
		};
		7B100FC81B9C5D560062E8DB /* Debug */ = {
			isa = XCBuildConfiguration;
			buildSettings = {
				BUNDLE_LOADER = "$(TEST_HOST)";
				FRAMEWORK_SEARCH_PATHS = (
					"$(SDKROOT)/Developer/Library/Frameworks",
					"$(inherited)",
				);
				GCC_PREPROCESSOR_DEFINITIONS = (
					"DEBUG=1",
					"$(inherited)",
				);
				INFOPLIST_FILE = SeparateStoryboardSampleTests/Info.plist;
				LD_RUNPATH_SEARCH_PATHS = "$(inherited) @executable_path/Frameworks @loader_path/Frameworks";
				PRODUCT_NAME = "$(TARGET_NAME)";
				TEST_HOST = "$(BUILT_PRODUCTS_DIR)/SeparateStoryboardSample.app/SeparateStoryboardSample";
			};
			name = Debug;
		};
		7B100FC91B9C5D560062E8DB /* Release */ = {
			isa = XCBuildConfiguration;
			buildSettings = {
				BUNDLE_LOADER = "$(TEST_HOST)";
				FRAMEWORK_SEARCH_PATHS = (
					"$(SDKROOT)/Developer/Library/Frameworks",
					"$(inherited)",
				);
				INFOPLIST_FILE = SeparateStoryboardSampleTests/Info.plist;
				LD_RUNPATH_SEARCH_PATHS = "$(inherited) @executable_path/Frameworks @loader_path/Frameworks";
				PRODUCT_NAME = "$(TARGET_NAME)";
				TEST_HOST = "$(BUILT_PRODUCTS_DIR)/SeparateStoryboardSample.app/SeparateStoryboardSample";
			};
			name = Release;
		};
/* End XCBuildConfiguration section */

/* Begin XCConfigurationList section */
		7B100F991B9C5D560062E8DB /* Build configuration list for PBXProject "SeparateStoryboardSample" */ = {
			isa = XCConfigurationList;
			buildConfigurations = (
				7B100FC21B9C5D560062E8DB /* Debug */,
				7B100FC31B9C5D560062E8DB /* Release */,
			);
			defaultConfigurationIsVisible = 0;
			defaultConfigurationName = Release;
		};
		7B100FC41B9C5D560062E8DB /* Build configuration list for PBXNativeTarget "SeparateStoryboardSample" */ = {
			isa = XCConfigurationList;
			buildConfigurations = (
				7B100FC51B9C5D560062E8DB /* Debug */,
				7B100FC61B9C5D560062E8DB /* Release */,
			);
			defaultConfigurationIsVisible = 0;
		};
		7B100FC71B9C5D560062E8DB /* Build configuration list for PBXNativeTarget "SeparateStoryboardSampleTests" */ = {
			isa = XCConfigurationList;
			buildConfigurations = (
				7B100FC81B9C5D560062E8DB /* Debug */,
				7B100FC91B9C5D560062E8DB /* Release */,
			);
			defaultConfigurationIsVisible = 0;
		};
/* End XCConfigurationList section */
	};
	rootObject = 7B100F961B9C5D560062E8DB /* Project object */;
}
